Microsoft Visual Studio Solution File, Format Version 12.00
# Visual Studio Version 17
VisualStudioVersion = 17.5.2.0
MinimumVisualStudioVersion = 10.0.40219.1
Project("{2150E333-8FDC-42A3-9474-1A3956D46DE8}") = "BattleTanks-Capstone", "BattleTanks-Capstone", "{8EB8C3C7-9172-67D3-D12F-3B42FC97D9A7}"
EndProject
Project("{2150E333-8FDC-42A3-9474-1A3956D46DE8}") = "backend", "backend", "{76DF1590-1ABC-B60F-D666-0621CC1E968F}"
EndProject
Project("{FAE04EC0-301F-11D3-BF4B-00C04F79EFBC}") = "BattleTanks-Backend", "BattleTanks-Capstone\backend\BattleTanks-Backend\BattleTanks-Backend.csproj", "{249426CE-690B-E47B-6C3F-7961F8EB50F6}"
EndProject
Global
	GlobalSection(SolutionConfigurationPlatforms) = preSolution
		Debug|Any CPU = Debug|Any CPU
		Release|Any CPU = Release|Any CPU
	EndGlobalSection
	GlobalSection(ProjectConfigurationPlatforms) = postSolution
		{249426CE-690B-E47B-6C3F-7961F8EB50F6}.Debug|Any CPU.ActiveCfg = Debug|Any CPU
		{249426CE-690B-E47B-6C3F-7961F8EB50F6}.Debug|Any CPU.Build.0 = Debug|Any CPU
		{249426CE-690B-E47B-6C3F-7961F8EB50F6}.Release|Any CPU.ActiveCfg = Release|Any CPU
		{249426CE-690B-E47B-6C3F-7961F8EB50F6}.Release|Any CPU.Build.0 = Release|Any CPU
	EndGlobalSection
	GlobalSection(SolutionProperties) = preSolution
		HideSolutionNode = FALSE
	EndGlobalSection
	GlobalSection(NestedProjects) = preSolution
		{76DF1590-1ABC-B60F-D666-0621CC1E968F} = {8EB8C3C7-9172-67D3-D12F-3B42FC97D9A7}
		{249426CE-690B-E47B-6C3F-7961F8EB50F6} = {76DF1590-1ABC-B60F-D666-0621CC1E968F}
	EndGlobalSection
	GlobalSection(ExtensibilityGlobals) = postSolution
		SolutionGuid = {40A4FB0E-3F54-4129-9EFD-CAC0B8B6CDD4}
	EndGlobalSection
EndGlobal
